
Microsoft Visual Studio Solution File, Format Version 12.00
# Visual Studio Version 16
VisualStudioVersion = 16.0.30611.23
MinimumVisualStudioVersion = 10.0.40219.1
Project("{9A19103F-16F7-4668-BE54-9A1E7A4F7556}") = "FIWAREHub.Web", "FIWAREHub.Web\FIWAREHub.Web.csproj", "{2EAA10CC-DF1E-4282-9092-F1E14379D342}"
EndProject
Project("{9A19103F-16F7-4668-BE54-9A1E7A4F7556}") = "FIWAREHub.Parsers", "FIWAREHub.Parsers\FIWAREHub.Parsers.csproj", "{554BB884-7D81-4D79-A00F-78FC83F8FC51}"
EndProject
Project("{2150E333-8FDC-42A3-9474-1A3956D46DE8}") = "SolutionFiles", "SolutionFiles", "{4963DB21-3157-4252-8FF7-9C8DEC3036F2}"
	ProjectSection(SolutionItems) = preProject
		header.png = header.png
		README.md = README.md
	EndProjectSection
EndProject
Project("{9A19103F-16F7-4668-BE54-9A1E7A4F7556}") = "FIWAREHub.SynchronizerDaemon", "FIWAREHub.SynchronizerDaemon\FIWAREHub.SynchronizerDaemon.csproj", "{05AE5381-0E5A-4DEE-906D-728C9A1B972D}"
EndProject
Project("{9A19103F-16F7-4668-BE54-9A1E7A4F7556}") = "FIWAREHub.Models", "FIWAREHub.Models\FIWAREHub.Models.csproj", "{50FE93C5-8771-4217-BA81-722A5E7C5873}"
EndProject
Project("{E53339B2-1760-4266-BCC7-CA923CBCF16C}") = "docker-compose", "docker-compose.dcproj", "{B9651ECA-B935-4405-99C9-8151DA3796F9}"
EndProject
Global
	GlobalSection(SolutionConfigurationPlatforms) = preSolution
		Debug|Any CPU = Debug|Any CPU
		Release|Any CPU = Release|Any CPU
	EndGlobalSection
	GlobalSection(ProjectConfigurationPlatforms) = postSolution
		{2EAA10CC-DF1E-4282-9092-F1E14379D342}.Debug|Any CPU.ActiveCfg = Debug|Any CPU
		{2EAA10CC-DF1E-4282-9092-F1E14379D342}.Debug|Any CPU.Build.0 = Debug|Any CPU
		{2EAA10CC-DF1E-4282-9092-F1E14379D342}.Release|Any CPU.ActiveCfg = Release|Any CPU
		{2EAA10CC-DF1E-4282-9092-F1E14379D342}.Release|Any CPU.Build.0 = Release|Any CPU
		{554BB884-7D81-4D79-A00F-78FC83F8FC51}.Debug|Any CPU.ActiveCfg = Debug|Any CPU
		{554BB884-7D81-4D79-A00F-78FC83F8FC51}.Debug|Any CPU.Build.0 = Debug|Any CPU
		{554BB884-7D81-4D79-A00F-78FC83F8FC51}.Release|Any CPU.ActiveCfg = Release|Any CPU
		{554BB884-7D81-4D79-A00F-78FC83F8FC51}.Release|Any CPU.Build.0 = Release|Any CPU
		{05AE5381-0E5A-4DEE-906D-728C9A1B972D}.Debug|Any CPU.ActiveCfg = Debug|Any CPU
		{05AE5381-0E5A-4DEE-906D-728C9A1B972D}.Debug|Any CPU.Build.0 = Debug|Any CPU
		{05AE5381-0E5A-4DEE-906D-728C9A1B972D}.Release|Any CPU.ActiveCfg = Release|Any CPU
		{05AE5381-0E5A-4DEE-906D-728C9A1B972D}.Release|Any CPU.Build.0 = Release|Any CPU
		{50FE93C5-8771-4217-BA81-722A5E7C5873}.Debug|Any CPU.ActiveCfg = Debug|Any CPU
		{50FE93C5-8771-4217-BA81-722A5E7C5873}.Debug|Any CPU.Build.0 = Debug|Any CPU
		{50FE93C5-8771-4217-BA81-722A5E7C5873}.Release|Any CPU.ActiveCfg = Release|Any CPU
		{50FE93C5-8771-4217-BA81-722A5E7C5873}.Release|Any CPU.Build.0 = Release|Any CPU
		{B9651ECA-B935-4405-99C9-8151DA3796F9}.Debug|Any CPU.ActiveCfg = Debug|Any CPU
		{B9651ECA-B935-4405-99C9-8151DA3796F9}.Debug|Any CPU.Build.0 = Debug|Any CPU
		{B9651ECA-B935-4405-99C9-8151DA3796F9}.Release|Any CPU.ActiveCfg = Release|Any CPU
		{B9651ECA-B935-4405-99C9-8151DA3796F9}.Release|Any CPU.Build.0 = Release|Any CPU
	EndGlobalSection
	GlobalSection(SolutionProperties) = preSolution
		HideSolutionNode = FALSE
	EndGlobalSection
	GlobalSection(ExtensibilityGlobals) = postSolution
		SolutionGuid = {084F4A34-778A-4AD6-AA7C-8ED39E9DB270}
	EndGlobalSection
EndGlobal
